
Microsoft Visual Studio Solution File, Format Version 12.00
# Visual Studio Version 16
VisualStudioVersion = 16.0.33801.447
MinimumVisualStudioVersion = 10.0.40219.1
Project("{9A19103F-16F7-4668-BE54-9A1E7A4F7556}") = "DevFreela.API", "DevFreela.API\DevFreela.API.csproj", "{6D81CC98-7816-4A21-B502-EAC43C2CC963}"
EndProject
Project("{FAE04EC0-301F-11D3-BF4B-00C04F79EFBC}") = "DevFreela.Core", "DevFreela.Core\DevFreela.Core.csproj", "{C28D2D14-3CE3-472A-B61C-51DE0A22F552}"
EndProject
Project("{FAE04EC0-301F-11D3-BF4B-00C04F79EFBC}") = "DevFreela.Infraestructure", "DevFreela.Infraestructure\DevFreela.Infraestructure.csproj", "{161F52C3-0A58-46AE-AD77-804E376A310C}"
EndProject
Project("{FAE04EC0-301F-11D3-BF4B-00C04F79EFBC}") = "DevFreela.Application", "DevFreela.Application\DevFreela.Application.csproj", "{5CFDE777-EE95-4E56-9472-9805AC61448C}"
EndProject
Global
	GlobalSection(SolutionConfigurationPlatforms) = preSolution
		Debug|Any CPU = Debug|Any CPU
		Release|Any CPU = Release|Any CPU
	EndGlobalSection
	GlobalSection(ProjectConfigurationPlatforms) = postSolution
		{6D81CC98-7816-4A21-B502-EAC43C2CC963}.Debug|Any CPU.ActiveCfg = Debug|Any CPU
		{6D81CC98-7816-4A21-B502-EAC43C2CC963}.Debug|Any CPU.Build.0 = Debug|Any CPU
		{6D81CC98-7816-4A21-B502-EAC43C2CC963}.Release|Any CPU.ActiveCfg = Release|Any CPU
		{6D81CC98-7816-4A21-B502-EAC43C2CC963}.Release|Any CPU.Build.0 = Release|Any CPU
		{C28D2D14-3CE3-472A-B61C-51DE0A22F552}.Debug|Any CPU.ActiveCfg = Debug|Any CPU
		{C28D2D14-3CE3-472A-B61C-51DE0A22F552}.Debug|Any CPU.Build.0 = Debug|Any CPU
		{C28D2D14-3CE3-472A-B61C-51DE0A22F552}.Release|Any CPU.ActiveCfg = Release|Any CPU
		{C28D2D14-3CE3-472A-B61C-51DE0A22F552}.Release|Any CPU.Build.0 = Release|Any CPU
		{161F52C3-0A58-46AE-AD77-804E376A310C}.Debug|Any CPU.ActiveCfg = Debug|Any CPU
		{161F52C3-0A58-46AE-AD77-804E376A310C}.Debug|Any CPU.Build.0 = Debug|Any CPU
		{161F52C3-0A58-46AE-AD77-804E376A310C}.Release|Any CPU.ActiveCfg = Release|Any CPU
		{161F52C3-0A58-46AE-AD77-804E376A310C}.Release|Any CPU.Build.0 = Release|Any CPU
		{5CFDE777-EE95-4E56-9472-9805AC61448C}.Debug|Any CPU.ActiveCfg = Debug|Any CPU
		{5CFDE777-EE95-4E56-9472-9805AC61448C}.Debug|Any CPU.Build.0 = Debug|Any CPU
		{5CFDE777-EE95-4E56-9472-9805AC61448C}.Release|Any CPU.ActiveCfg = Release|Any CPU
		{5CFDE777-EE95-4E56-9472-9805AC61448C}.Release|Any CPU.Build.0 = Release|Any CPU
	EndGlobalSection
	GlobalSection(SolutionProperties) = preSolution
		HideSolutionNode = FALSE
	EndGlobalSection
	GlobalSection(ExtensibilityGlobals) = postSolution
		SolutionGuid = {7B645D4A-1AC3-438E-9FC4-E076DCC7D4EE}
	EndGlobalSection
EndGlobal
